
Microsoft Visual Studio Solution File, Format Version 12.00
# Visual Studio Version 16
VisualStudioVersion = 16.0.31624.102
MinimumVisualStudioVersion = 10.0.40219.1
Project("{FAE04EC0-301F-11D3-BF4B-00C04F79EFBC}") = "ConsoleApp1", "ConsoleApp1\ConsoleApp1.csproj", "{3ADA612A-6858-47EC-B6AD-E75BD76BC6FE}"
EndProject
Project("{2150E333-8FDC-42A3-9474-1A3956D46DE8}") = "Solution Items", "Solution Items", "{12E58A74-385E-4A56-A0AD-75C286A0A580}"
	ProjectSection(SolutionItems) = preProject
		README.md = README.md
	EndProjectSection
EndProject
Global
	GlobalSection(SolutionConfigurationPlatforms) = preSolution
		Debug|Any CPU = Debug|Any CPU
		Release|Any CPU = Release|Any CPU
	EndGlobalSection
	GlobalSection(ProjectConfigurationPlatforms) = postSolution
		{3ADA612A-6858-47EC-B6AD-E75BD76BC6FE}.Debug|Any CPU.ActiveCfg = Debug|Any CPU
		{3ADA612A-6858-47EC-B6AD-E75BD76BC6FE}.Debug|Any CPU.Build.0 = Debug|Any CPU
		{3ADA612A-6858-47EC-B6AD-E75BD76BC6FE}.Release|Any CPU.ActiveCfg = Release|Any CPU
		{3ADA612A-6858-47EC-B6AD-E75BD76BC6FE}.Release|Any CPU.Build.0 = Release|Any CPU
	EndGlobalSection
	GlobalSection(SolutionProperties) = preSolution
		HideSolutionNode = FALSE
	EndGlobalSection
	GlobalSection(ExtensibilityGlobals) = postSolution
		SolutionGuid = {543EF24B-3F5C-47FE-96E9-52BF4A944941}
	EndGlobalSection
EndGlobal
